
Microsoft Visual Studio Solution File, Format Version 12.00
# Visual Studio 2013
VisualStudioVersion = 12.0.30110.0
MinimumVisualStudioVersion = 10.0.40219.1
Project("{FAE04EC0-301F-11D3-BF4B-00C04F79EFBC}") = "ShootingRange.Engine", "ShootingRange.Engine\ShootingRange.Engine.csproj", "{85AB434A-A4B0-4760-A4A2-24A9781176D2}"
EndProject
Project("{FAE04EC0-301F-11D3-BF4B-00C04F79EFBC}") = "ShootingRange.Common", "ShootingRange.Common\ShootingRange.Common.csproj", "{A1C688F3-99DF-4EFD-93F3-5BACE9104FB2}"
EndProject
Project("{2150E333-8FDC-42A3-9474-1A3956D46DE8}") = "Providers", "Providers", "{DAFF1582-C5BC-41AC-B71E-DF08C5739CD6}"
EndProject
Project("{FAE04EC0-301F-11D3-BF4B-00C04F79EFBC}") = "ShootingRange.SiusApi", "ShootingRange.Providers\ShootingRange.SiusApi\ShootingRange.SiusApi.csproj", "{1CFCEAB8-62C8-4A85-B5BE-40030D90434E}"
EndProject
Project("{FAE04EC0-301F-11D3-BF4B-00C04F79EFBC}") = "ShootingRange.SiusData", "ShootingRange.Providers\ShootingRange.SiusData\ShootingRange.SiusData.csproj", "{E05652AE-4264-4757-964E-611910C42771}"
EndProject
Project("{2150E333-8FDC-42A3-9474-1A3956D46DE8}") = "Applications", "Applications", "{FE216FB0-080C-4F9D-B018-B4A82EEABC00}"
EndProject
Project("{2150E333-8FDC-42A3-9474-1A3956D46DE8}") = "Modules", "Modules", "{E0D11BDA-8B66-42AE-B612-779F016EDD17}"
EndProject
Project("{FAE04EC0-301F-11D3-BF4B-00C04F79EFBC}") = "ShootingRange.Repository", "ShootingRange.Repository\ShootingRange.Repository.csproj", "{E55AD8CA-D4FE-444C-8A31-4D310755A630}"
EndProject
Project("{FAE04EC0-301F-11D3-BF4B-00C04F79EFBC}") = "ShootingRange.Persistence", "ShootingRange.Persistence\ShootingRange.Persistence.csproj", "{161A7067-75A0-4FF5-A614-7AE8C938515D}"
EndProject
Project("{2150E333-8FDC-42A3-9474-1A3956D46DE8}") = "Persistence", "Persistence", "{41F7EC5E-D19D-4B75-ADE7-168380CA2AB2}"
EndProject
Project("{2150E333-8FDC-42A3-9474-1A3956D46DE8}") = "Repository", "Repository", "{4AF061E2-4544-4D33-AD44-845EA7C91787}"
EndProject
Project("{FAE04EC0-301F-11D3-BF4B-00C04F79EFBC}") = "ShootingRange.BusinessObjects", "ShootingRange.BusinessObjects\ShootingRange.BusinessObjects.csproj", "{EDE3C213-3926-4548-BA0D-D63D7916D1ED}"
EndProject
Project("{FAE04EC0-301F-11D3-BF4B-00C04F79EFBC}") = "ShootingRange.View", "ShootingRange.View\ShootingRange.View.csproj", "{0C979F35-D417-47A1-84C8-13A72EE43480}"
EndProject
Project("{FAE04EC0-301F-11D3-BF4B-00C04F79EFBC}") = "ShootingRange.Entities", "ShootingRange.Entities\ShootingRange.Entities.csproj", "{99FF73CD-039B-4FA9-9779-662FA156144B}"
EndProject
Project("{FAE04EC0-301F-11D3-BF4B-00C04F79EFBC}") = "ShootingRange.RepositoryTest", "ShootingRange.RepositoryTest\ShootingRange.RepositoryTest.csproj", "{25EF47E6-C3D6-4EBD-AC65-D8317CD7449A}"
EndProject
Project("{FAE04EC0-301F-11D3-BF4B-00C04F79EFBC}") = "ShootingRange.ViewModel", "ShootingRange.ViewModel\ShootingRange.ViewModel.csproj", "{A869786D-0BAD-4C1B-8B8F-88CF40481712}"
EndProject
Project("{FAE04EC0-301F-11D3-BF4B-00C04F79EFBC}") = "ShootingRange.Configuration", "ShootingRange.Configuration\ShootingRange.Configuration.csproj", "{FD6AD0E8-2BD2-4C1C-9704-04D65D221C18}"
EndProject
Project("{FAE04EC0-301F-11D3-BF4B-00C04F79EFBC}") = "ShootingRange.ConfigurationProvider", "ShootingRange.ConfigurationProvider\ShootingRange.ConfigurationProvider.csproj", "{4DA2B804-0082-45A9-9CE8-C727050A58A0}"
EndProject
Project("{2150E333-8FDC-42A3-9474-1A3956D46DE8}") = "View", "View", "{5B552F6D-4DB9-4F0D-9BE8-DAE76DDC118B}"
EndProject
Project("{2150E333-8FDC-42A3-9474-1A3956D46DE8}") = "ViewModel", "ViewModel", "{52D3BD52-83C9-4F4F-9592-21210C7E21B3}"
EndProject
Project("{FAE04EC0-301F-11D3-BF4B-00C04F79EFBC}") = "ShootingRange.AdminApplication", "ShootingRange.AdminApplication\ShootingRange.AdminApplication.csproj", "{74EE2C63-4CA8-4C62-BD94-50F827404A83}"
EndProject
Project("{FAE04EC0-301F-11D3-BF4B-00C04F79EFBC}") = "ShootingRange.Service.Interface", "ShootingRange.Service.Interface\ShootingRange.Service.Interface.csproj", "{7B2D7C87-4FA3-48DD-AB24-E90365D41F7F}"
EndProject
Project("{FAE04EC0-301F-11D3-BF4B-00C04F79EFBC}") = "ShootingRange.Service", "ShootingRange.Service\ShootingRange.Service.csproj", "{24F04412-EDBF-45DB-81B6-A590E7903469}"
EndProject
Project("{FAE04EC0-301F-11D3-BF4B-00C04F79EFBC}") = "ShootingRange.ViewUtils", "ShootingRange.ViewUtils\ShootingRange.ViewUtils.csproj", "{5FE8D3BB-8AB9-46B4-8E39-845112A15B30}"
EndProject
Project("{FAE04EC0-301F-11D3-BF4B-00C04F79EFBC}") = "ShootingRange.UiBusinessObjects", "ShootingRange.UiBusinessObjects\ShootingRange.UiBusinessObjects.csproj", "{F55192F5-0745-4ADA-ADD2-90EDC4E947B0}"
EndProject
Project("{FAE04EC0-301F-11D3-BF4B-00C04F79EFBC}") = "ShootingRange.BarcodePrinter", "ShootingRange.BarcodePrinter\ShootingRange.BarcodePrinter.csproj", "{F319536E-51DF-48E9-8B34-106073123856}"
EndProject
Global
	GlobalSection(SolutionConfigurationPlatforms) = preSolution
		Debug|Any CPU = Debug|Any CPU
		Release|Any CPU = Release|Any CPU
	EndGlobalSection
	GlobalSection(ProjectConfigurationPlatforms) = postSolution
		{85AB434A-A4B0-4760-A4A2-24A9781176D2}.Debug|Any CPU.ActiveCfg = Debug|Any CPU
		{85AB434A-A4B0-4760-A4A2-24A9781176D2}.Debug|Any CPU.Build.0 = Debug|Any CPU
		{85AB434A-A4B0-4760-A4A2-24A9781176D2}.Release|Any CPU.ActiveCfg = Release|Any CPU
		{85AB434A-A4B0-4760-A4A2-24A9781176D2}.Release|Any CPU.Build.0 = Release|Any CPU
		{A1C688F3-99DF-4EFD-93F3-5BACE9104FB2}.Debug|Any CPU.ActiveCfg = Debug|Any CPU
		{A1C688F3-99DF-4EFD-93F3-5BACE9104FB2}.Debug|Any CPU.Build.0 = Debug|Any CPU
		{A1C688F3-99DF-4EFD-93F3-5BACE9104FB2}.Release|Any CPU.ActiveCfg = Release|Any CPU
		{A1C688F3-99DF-4EFD-93F3-5BACE9104FB2}.Release|Any CPU.Build.0 = Release|Any CPU
		{1CFCEAB8-62C8-4A85-B5BE-40030D90434E}.Debug|Any CPU.ActiveCfg = Debug|Any CPU
		{1CFCEAB8-62C8-4A85-B5BE-40030D90434E}.Debug|Any CPU.Build.0 = Debug|Any CPU
		{1CFCEAB8-62C8-4A85-B5BE-40030D90434E}.Release|Any CPU.ActiveCfg = Release|Any CPU
		{1CFCEAB8-62C8-4A85-B5BE-40030D90434E}.Release|Any CPU.Build.0 = Release|Any CPU
		{E05652AE-4264-4757-964E-611910C42771}.Debug|Any CPU.ActiveCfg = Debug|Any CPU
		{E05652AE-4264-4757-964E-611910C42771}.Debug|Any CPU.Build.0 = Debug|Any CPU
		{E05652AE-4264-4757-964E-611910C42771}.Release|Any CPU.ActiveCfg = Release|Any CPU
		{E05652AE-4264-4757-964E-611910C42771}.Release|Any CPU.Build.0 = Release|Any CPU
		{E55AD8CA-D4FE-444C-8A31-4D310755A630}.Debug|Any CPU.ActiveCfg = Debug|Any CPU
		{E55AD8CA-D4FE-444C-8A31-4D310755A630}.Debug|Any CPU.Build.0 = Debug|Any CPU
		{E55AD8CA-D4FE-444C-8A31-4D310755A630}.Release|Any CPU.ActiveCfg = Release|Any CPU
		{E55AD8CA-D4FE-444C-8A31-4D310755A630}.Release|Any CPU.Build.0 = Release|Any CPU
		{161A7067-75A0-4FF5-A614-7AE8C938515D}.Debug|Any CPU.ActiveCfg = Debug|Any CPU
		{161A7067-75A0-4FF5-A614-7AE8C938515D}.Debug|Any CPU.Build.0 = Debug|Any CPU
		{161A7067-75A0-4FF5-A614-7AE8C938515D}.Release|Any CPU.ActiveCfg = Release|Any CPU
		{161A7067-75A0-4FF5-A614-7AE8C938515D}.Release|Any CPU.Build.0 = Release|Any CPU
		{EDE3C213-3926-4548-BA0D-D63D7916D1ED}.Debug|Any CPU.ActiveCfg = Debug|Any CPU
		{EDE3C213-3926-4548-BA0D-D63D7916D1ED}.Debug|Any CPU.Build.0 = Debug|Any CPU
		{EDE3C213-3926-4548-BA0D-D63D7916D1ED}.Release|Any CPU.ActiveCfg = Release|Any CPU
		{EDE3C213-3926-4548-BA0D-D63D7916D1ED}.Release|Any CPU.Build.0 = Release|Any CPU
		{0C979F35-D417-47A1-84C8-13A72EE43480}.Debug|Any CPU.ActiveCfg = Debug|Any CPU
		{0C979F35-D417-47A1-84C8-13A72EE43480}.Debug|Any CPU.Build.0 = Debug|Any CPU
		{0C979F35-D417-47A1-84C8-13A72EE43480}.Release|Any CPU.ActiveCfg = Release|Any CPU
		{0C979F35-D417-47A1-84C8-13A72EE43480}.Release|Any CPU.Build.0 = Release|Any CPU
		{99FF73CD-039B-4FA9-9779-662FA156144B}.Debug|Any CPU.ActiveCfg = Debug|Any CPU
		{99FF73CD-039B-4FA9-9779-662FA156144B}.Debug|Any CPU.Build.0 = Debug|Any CPU
		{99FF73CD-039B-4FA9-9779-662FA156144B}.Release|Any CPU.ActiveCfg = Release|Any CPU
		{99FF73CD-039B-4FA9-9779-662FA156144B}.Release|Any CPU.Build.0 = Release|Any CPU
		{25EF47E6-C3D6-4EBD-AC65-D8317CD7449A}.Debug|Any CPU.ActiveCfg = Debug|Any CPU
		{25EF47E6-C3D6-4EBD-AC65-D8317CD7449A}.Debug|Any CPU.Build.0 = Debug|Any CPU
		{25EF47E6-C3D6-4EBD-AC65-D8317CD7449A}.Release|Any CPU.ActiveCfg = Release|Any CPU
		{25EF47E6-C3D6-4EBD-AC65-D8317CD7449A}.Release|Any CPU.Build.0 = Release|Any CPU
		{A869786D-0BAD-4C1B-8B8F-88CF40481712}.Debug|Any CPU.ActiveCfg = Debug|Any CPU
		{A869786D-0BAD-4C1B-8B8F-88CF40481712}.Debug|Any CPU.Build.0 = Debug|Any CPU
		{A869786D-0BAD-4C1B-8B8F-88CF40481712}.Release|Any CPU.ActiveCfg = Release|Any CPU
		{A869786D-0BAD-4C1B-8B8F-88CF40481712}.Release|Any CPU.Build.0 = Release|Any CPU
		{FD6AD0E8-2BD2-4C1C-9704-04D65D221C18}.Debug|Any CPU.ActiveCfg = Debug|Any CPU
		{FD6AD0E8-2BD2-4C1C-9704-04D65D221C18}.Debug|Any CPU.Build.0 = Debug|Any CPU
		{FD6AD0E8-2BD2-4C1C-9704-04D65D221C18}.Release|Any CPU.ActiveCfg = Release|Any CPU
		{FD6AD0E8-2BD2-4C1C-9704-04D65D221C18}.Release|Any CPU.Build.0 = Release|Any CPU
		{4DA2B804-0082-45A9-9CE8-C727050A58A0}.Debug|Any CPU.ActiveCfg = Debug|Any CPU
		{4DA2B804-0082-45A9-9CE8-C727050A58A0}.Debug|Any CPU.Build.0 = Debug|Any CPU
		{4DA2B804-0082-45A9-9CE8-C727050A58A0}.Release|Any CPU.ActiveCfg = Release|Any CPU
		{4DA2B804-0082-45A9-9CE8-C727050A58A0}.Release|Any CPU.Build.0 = Release|Any CPU
		{74EE2C63-4CA8-4C62-BD94-50F827404A83}.Debug|Any CPU.ActiveCfg = Debug|Any CPU
		{74EE2C63-4CA8-4C62-BD94-50F827404A83}.Debug|Any CPU.Build.0 = Debug|Any CPU
		{74EE2C63-4CA8-4C62-BD94-50F827404A83}.Release|Any CPU.ActiveCfg = Release|Any CPU
		{74EE2C63-4CA8-4C62-BD94-50F827404A83}.Release|Any CPU.Build.0 = Release|Any CPU
		{7B2D7C87-4FA3-48DD-AB24-E90365D41F7F}.Debug|Any CPU.ActiveCfg = Debug|Any CPU
		{7B2D7C87-4FA3-48DD-AB24-E90365D41F7F}.Debug|Any CPU.Build.0 = Debug|Any CPU
		{7B2D7C87-4FA3-48DD-AB24-E90365D41F7F}.Release|Any CPU.ActiveCfg = Release|Any CPU
		{7B2D7C87-4FA3-48DD-AB24-E90365D41F7F}.Release|Any CPU.Build.0 = Release|Any CPU
		{24F04412-EDBF-45DB-81B6-A590E7903469}.Debug|Any CPU.ActiveCfg = Debug|Any CPU
		{24F04412-EDBF-45DB-81B6-A590E7903469}.Debug|Any CPU.Build.0 = Debug|Any CPU
		{24F04412-EDBF-45DB-81B6-A590E7903469}.Release|Any CPU.ActiveCfg = Release|Any CPU
		{24F04412-EDBF-45DB-81B6-A590E7903469}.Release|Any CPU.Build.0 = Release|Any CPU
		{5FE8D3BB-8AB9-46B4-8E39-845112A15B30}.Debug|Any CPU.ActiveCfg = Debug|Any CPU
		{5FE8D3BB-8AB9-46B4-8E39-845112A15B30}.Debug|Any CPU.Build.0 = Debug|Any CPU
		{5FE8D3BB-8AB9-46B4-8E39-845112A15B30}.Release|Any CPU.ActiveCfg = Release|Any CPU
		{5FE8D3BB-8AB9-46B4-8E39-845112A15B30}.Release|Any CPU.Build.0 = Release|Any CPU
		{F55192F5-0745-4ADA-ADD2-90EDC4E947B0}.Debug|Any CPU.ActiveCfg = Debug|Any CPU
		{F55192F5-0745-4ADA-ADD2-90EDC4E947B0}.Debug|Any CPU.Build.0 = Debug|Any CPU
		{F55192F5-0745-4ADA-ADD2-90EDC4E947B0}.Release|Any CPU.ActiveCfg = Release|Any CPU
		{F55192F5-0745-4ADA-ADD2-90EDC4E947B0}.Release|Any CPU.Build.0 = Release|Any CPU
		{F319536E-51DF-48E9-8B34-106073123856}.Debug|Any CPU.ActiveCfg = Debug|Any CPU
		{F319536E-51DF-48E9-8B34-106073123856}.Debug|Any CPU.Build.0 = Debug|Any CPU
		{F319536E-51DF-48E9-8B34-106073123856}.Release|Any CPU.ActiveCfg = Release|Any CPU
		{F319536E-51DF-48E9-8B34-106073123856}.Release|Any CPU.Build.0 = Release|Any CPU
	EndGlobalSection
	GlobalSection(SolutionProperties) = preSolution
		HideSolutionNode = FALSE
	EndGlobalSection
	GlobalSection(NestedProjects) = preSolution
		{1CFCEAB8-62C8-4A85-B5BE-40030D90434E} = {DAFF1582-C5BC-41AC-B71E-DF08C5739CD6}
		{E05652AE-4264-4757-964E-611910C42771} = {DAFF1582-C5BC-41AC-B71E-DF08C5739CD6}
		{74EE2C63-4CA8-4C62-BD94-50F827404A83} = {FE216FB0-080C-4F9D-B018-B4A82EEABC00}
		{F319536E-51DF-48E9-8B34-106073123856} = {E0D11BDA-8B66-42AE-B612-779F016EDD17}
		{E55AD8CA-D4FE-444C-8A31-4D310755A630} = {4AF061E2-4544-4D33-AD44-845EA7C91787}
		{EDE3C213-3926-4548-BA0D-D63D7916D1ED} = {4AF061E2-4544-4D33-AD44-845EA7C91787}
		{25EF47E6-C3D6-4EBD-AC65-D8317CD7449A} = {4AF061E2-4544-4D33-AD44-845EA7C91787}
		{161A7067-75A0-4FF5-A614-7AE8C938515D} = {41F7EC5E-D19D-4B75-ADE7-168380CA2AB2}
		{99FF73CD-039B-4FA9-9779-662FA156144B} = {41F7EC5E-D19D-4B75-ADE7-168380CA2AB2}
		{0C979F35-D417-47A1-84C8-13A72EE43480} = {5B552F6D-4DB9-4F0D-9BE8-DAE76DDC118B}
		{5FE8D3BB-8AB9-46B4-8E39-845112A15B30} = {5B552F6D-4DB9-4F0D-9BE8-DAE76DDC118B}
		{FD6AD0E8-2BD2-4C1C-9704-04D65D221C18} = {52D3BD52-83C9-4F4F-9592-21210C7E21B3}
		{4DA2B804-0082-45A9-9CE8-C727050A58A0} = {52D3BD52-83C9-4F4F-9592-21210C7E21B3}
		{A869786D-0BAD-4C1B-8B8F-88CF40481712} = {52D3BD52-83C9-4F4F-9592-21210C7E21B3}
		{7B2D7C87-4FA3-48DD-AB24-E90365D41F7F} = {52D3BD52-83C9-4F4F-9592-21210C7E21B3}
		{24F04412-EDBF-45DB-81B6-A590E7903469} = {52D3BD52-83C9-4F4F-9592-21210C7E21B3}
		{F55192F5-0745-4ADA-ADD2-90EDC4E947B0} = {52D3BD52-83C9-4F4F-9592-21210C7E21B3}
	EndGlobalSection
EndGlobal
